
Microsoft Visual Studio Solution File, Format Version 12.00
# Visual Studio 15
VisualStudioVersion = 15.0.27004.2002
MinimumVisualStudioVersion = 10.0.40219.1
Project("{FAE04EC0-301F-11D3-BF4B-00C04F79EFBC}") = "AccessPowerPointFile", "AccessPowerPointFIle\AccessPowerPointFile.csproj", "{FFA63AAF-60FC-4E04-8404-BB7CDF9C0FCD}"
EndProject
Global
	GlobalSection(SolutionConfigurationPlatforms) = preSolution
		Debug|Any CPU = Debug|Any CPU
		Release|Any CPU = Release|Any CPU
	EndGlobalSection
	GlobalSection(ProjectConfigurationPlatforms) = postSolution
		{FFA63AAF-60FC-4E04-8404-BB7CDF9C0FCD}.Debug|Any CPU.ActiveCfg = Debug|Any CPU
		{FFA63AAF-60FC-4E04-8404-BB7CDF9C0FCD}.Debug|Any CPU.Build.0 = Debug|Any CPU
		{FFA63AAF-60FC-4E04-8404-BB7CDF9C0FCD}.Release|Any CPU.ActiveCfg = Release|Any CPU
		{FFA63AAF-60FC-4E04-8404-BB7CDF9C0FCD}.Release|Any CPU.Build.0 = Release|Any CPU
	EndGlobalSection
	GlobalSection(SolutionProperties) = preSolution
		HideSolutionNode = FALSE
	EndGlobalSection
	GlobalSection(ExtensibilityGlobals) = postSolution
		SolutionGuid = {719E31C7-42E5-43EB-BD73-CF940D4797BB}
	EndGlobalSection
EndGlobal
